schema: '2.0'
stages:
  prepare:
    cmd: python src/prepare_data.py
    deps:
    - path: src/prepare_data.py
      hash: md5
      md5: 96a3f936b6569da264acbbbecded178b
      size: 908
    params:
      params.yaml:
        data.random_state: 42
        data.test_size: 0.2
    outs:
    - path: data/test.csv
      hash: md5
      md5: 7cec6d7b1dfbcd48ddada021fc1ecd9d
      size: 2651
    - path: data/train.csv
      hash: md5
      md5: d20652ef9602c0b58271e8247e8a2d78
      size: 9967
  train:
    cmd: python src/train.py
    deps:
    - path: data/train.csv
      hash: md5
      md5: d20652ef9602c0b58271e8247e8a2d78
      size: 9967
    - path: src/train.py
      hash: md5
      md5: db6f7a80cd2a04120fc0c8bb9c046d18
      size: 1398
    params:
      params.yaml:
        model.params:
          max_depth: 5
          min_samples_split: 4
        model.type: decision_tree
    outs:
    - path: models/model.pkl
      hash: md5
      md5: 431f9908c55377ec11d43615e7497117
      size: 2555
  evaluate:
    cmd: python src/evaluate.py
    deps:
    - path: data/test.csv
      hash: md5
      md5: 7cec6d7b1dfbcd48ddada021fc1ecd9d
      size: 2651
    - path: models/model.pkl
      hash: md5
      md5: 431f9908c55377ec11d43615e7497117
      size: 2555
    - path: src/evaluate.py
      hash: md5
      md5: f78f5a8f57c6b57868dcf678c990de07
      size: 2557
    params:
      params.yaml:
        data.test_size: 0.2
        model.params:
          max_depth: 5
          min_samples_split: 4
        model.type: decision_tree
    outs:
    - path: metrics/scores.json
      hash: md5
      md5: 949909f2b267e2285df0d148ee1b4b44
      size: 93
